
Microsoft Visual Studio Solution File, Format Version 12.00
# Visual Studio 15
VisualStudioVersion = 15.0.26430.15
MinimumVisualStudioVersion = 10.0.40219.1
Project("{FAE04EC0-301F-11D3-BF4B-00C04F79EFBC}") = "AutoUpdate", "AutoUpdate\AutoUpdate.csproj", "{C673746B-7E78-4068-A638-E61E99AE8232}"
EndProject
Project("{FAE04EC0-301F-11D3-BF4B-00C04F79EFBC}") = "UpModel", "UpModel\UpModel.csproj", "{EBA2D48E-D470-41BF-A131-E4671EF8CF15}"
EndProject
Project("{FAE04EC0-301F-11D3-BF4B-00C04F79EFBC}") = "DateConfig", "DateConfig\DateConfig.csproj", "{5399CCAE-738D-43F1-9A98-0AB539E0915E}"
EndProject
Global
	GlobalSection(SolutionConfigurationPlatforms) = preSolution
		Debug|Any CPU = Debug|Any CPU
		Release|Any CPU = Release|Any CPU
	EndGlobalSection
	GlobalSection(ProjectConfigurationPlatforms) = postSolution
		{C673746B-7E78-4068-A638-E61E99AE8232}.Debug|Any CPU.ActiveCfg = Debug|Any CPU
		{C673746B-7E78-4068-A638-E61E99AE8232}.Debug|Any CPU.Build.0 = Debug|Any CPU
		{C673746B-7E78-4068-A638-E61E99AE8232}.Release|Any CPU.ActiveCfg = Release|Any CPU
		{C673746B-7E78-4068-A638-E61E99AE8232}.Release|Any CPU.Build.0 = Release|Any CPU
		{EBA2D48E-D470-41BF-A131-E4671EF8CF15}.Debug|Any CPU.ActiveCfg = Debug|Any CPU
		{EBA2D48E-D470-41BF-A131-E4671EF8CF15}.Debug|Any CPU.Build.0 = Debug|Any CPU
		{EBA2D48E-D470-41BF-A131-E4671EF8CF15}.Release|Any CPU.ActiveCfg = Release|Any CPU
		{EBA2D48E-D470-41BF-A131-E4671EF8CF15}.Release|Any CPU.Build.0 = Release|Any CPU
		{5399CCAE-738D-43F1-9A98-0AB539E0915E}.Debug|Any CPU.ActiveCfg = Debug|Any CPU
		{5399CCAE-738D-43F1-9A98-0AB539E0915E}.Debug|Any CPU.Build.0 = Debug|Any CPU
		{5399CCAE-738D-43F1-9A98-0AB539E0915E}.Release|Any CPU.ActiveCfg = Release|Any CPU
		{5399CCAE-738D-43F1-9A98-0AB539E0915E}.Release|Any CPU.Build.0 = Release|Any CPU
	EndGlobalSection
	GlobalSection(SolutionProperties) = preSolution
		HideSolutionNode = FALSE
	EndGlobalSection
EndGlobal
